
Microsoft Visual Studio Solution File, Format Version 12.00
# Visual Studio Version 17
VisualStudioVersion = 17.11.35219.272
MinimumVisualStudioVersion = 10.0.40219.1
Project("{FAE04EC0-301F-11D3-BF4B-00C04F79EFBC}") = "LeaveApplicationFlow", "LeaveApplicationFlow\LeaveApplicationFlow.csproj", "{5D9A99A7-9476-43C1-8942-03EBE203EB12}"
EndProject
Global
	GlobalSection(SolutionConfigurationPlatforms) = preSolution
		Debug|Any CPU = Debug|Any CPU
		Release|Any CPU = Release|Any CPU
	EndGlobalSection
	GlobalSection(ProjectConfigurationPlatforms) = postSolution
		{5D9A99A7-9476-43C1-8942-03EBE203EB12}.Debug|Any CPU.ActiveCfg = Debug|Any CPU
		{5D9A99A7-9476-43C1-8942-03EBE203EB12}.Debug|Any CPU.Build.0 = Debug|Any CPU
		{5D9A99A7-9476-43C1-8942-03EBE203EB12}.Release|Any CPU.ActiveCfg = Release|Any CPU
		{5D9A99A7-9476-43C1-8942-03EBE203EB12}.Release|Any CPU.Build.0 = Release|Any CPU
	EndGlobalSection
	GlobalSection(SolutionProperties) = preSolution
		HideSolutionNode = FALSE
	EndGlobalSection
	GlobalSection(ExtensibilityGlobals) = postSolution
		SolutionGuid = {8147018F-0897-4B32-9DE1-C7F3A59FCD6E}
	EndGlobalSection
EndGlobal
